
Microsoft Visual Studio Solution File, Format Version 12.00
# Visual Studio 14
VisualStudioVersion = 14.0.25420.1
MinimumVisualStudioVersion = 10.0.40219.1
Project("{FAE04EC0-301F-11D3-BF4B-00C04F79EFBC}") = "SinglePageProject", "SinglePageProject\SinglePageProject.csproj", "{2947F61F-7673-46CE-945B-10D7EBE47786}"
EndProject
Project("{FAE04EC0-301F-11D3-BF4B-00C04F79EFBC}") = "SinglePageProject.EF", "SinglePageProject.EF\SinglePageProject.EF.csproj", "{91050C47-B255-42C8-8CF4-3BAAB457E402}"
EndProject
Project("{FAE04EC0-301F-11D3-BF4B-00C04F79EFBC}") = "SinglePageProject.DAL", "SinglePageProject.DAL\SinglePageProject.DAL.csproj", "{DBFE2B65-8216-4F0D-9DC8-0F84984E3344}"
EndProject
Global
	GlobalSection(SolutionConfigurationPlatforms) = preSolution
		Debug|Any CPU = Debug|Any CPU
		Release|Any CPU = Release|Any CPU
	EndGlobalSection
	GlobalSection(ProjectConfigurationPlatforms) = postSolution
		{2947F61F-7673-46CE-945B-10D7EBE47786}.Debug|Any CPU.ActiveCfg = Debug|Any CPU
		{2947F61F-7673-46CE-945B-10D7EBE47786}.Debug|Any CPU.Build.0 = Debug|Any CPU
		{2947F61F-7673-46CE-945B-10D7EBE47786}.Release|Any CPU.ActiveCfg = Release|Any CPU
		{2947F61F-7673-46CE-945B-10D7EBE47786}.Release|Any CPU.Build.0 = Release|Any CPU
		{91050C47-B255-42C8-8CF4-3BAAB457E402}.Debug|Any CPU.ActiveCfg = Debug|Any CPU
		{91050C47-B255-42C8-8CF4-3BAAB457E402}.Debug|Any CPU.Build.0 = Debug|Any CPU
		{91050C47-B255-42C8-8CF4-3BAAB457E402}.Release|Any CPU.ActiveCfg = Release|Any CPU
		{91050C47-B255-42C8-8CF4-3BAAB457E402}.Release|Any CPU.Build.0 = Release|Any CPU
		{DBFE2B65-8216-4F0D-9DC8-0F84984E3344}.Debug|Any CPU.ActiveCfg = Debug|Any CPU
		{DBFE2B65-8216-4F0D-9DC8-0F84984E3344}.Debug|Any CPU.Build.0 = Debug|Any CPU
		{DBFE2B65-8216-4F0D-9DC8-0F84984E3344}.Release|Any CPU.ActiveCfg = Release|Any CPU
		{DBFE2B65-8216-4F0D-9DC8-0F84984E3344}.Release|Any CPU.Build.0 = Release|Any CPU
	EndGlobalSection
	GlobalSection(SolutionProperties) = preSolution
		HideSolutionNode = FALSE
	EndGlobalSection
EndGlobal
